{
  "requires": true,
  "lockfileVersion": 1,
  "dependencies": {
    "@chunpu/http": {
      "version": "1.2.0",
      "resolved": "https://registry.npm.taobao.org/@chunpu/http/download/@chunpu/http-1.2.0.tgz",
      "integrity": "sha1-A2jXvPC98E2KIHOjXFpCO30KLrE=",
      "requires": {
        "min-qs": "^1.4.0",
        "min-url": "^1.5.0",
        "min-util": "^3.3.1"
      }
    },
    "cou": {
      "version": "1.4.0",
      "resolved": "https://registry.npm.taobao.org/cou/download/cou-1.4.0.tgz",
      "integrity": "sha1-1H9L2VF9i3kr6sWTBaJFWdPbgyM=",
      "requires": {
        "min-is": "^2.2.1"
      }
    },
    "min-is": {
      "version": "2.2.1",
      "resolved": "https://registry.npm.taobao.org/min-is/download/min-is-2.2.1.tgz",
      "integrity": "sha1-zgeuxwvPzgWnYwXcdA6HnlYrEBU="
    },
    "min-qs": {
      "version": "1.4.0",
      "resolved": "https://registry.npm.taobao.org/min-qs/download/min-qs-1.4.0.tgz",
      "integrity": "sha1-uFlRiDVb/IPoInG3yS+a6+YYcmc=",
      "requires": {
        "min-util": "^3.3.1"
      }
    },
    "min-ready": {
      "version": "2.3.0",
      "resolved": "https://registry.npm.taobao.org/min-ready/download/min-ready-2.3.0.tgz",
      "integrity": "sha1-wwtnAihldBHXl0n0ebaZMRo+3oU=",
      "requires": {
        "min-util": "^3.6.1"
      }
    },
    "min-url": {
      "version": "1.5.0",
      "resolved": "https://registry.npm.taobao.org/min-url/download/min-url-1.5.0.tgz",
      "integrity": "sha1-hpBilA9danUcIvb0qZ5aM97qTIo=",
      "requires": {
        "min-qs": "^1.4.0",
        "min-util": "^3.3.1"
      }
    },
    "min-util": {
      "version": "3.6.1",
      "resolved": "https://registry.npm.taobao.org/min-util/download/min-util-3.6.1.tgz",
      "integrity": "sha1-SYjzEMYx8leMBUgxY1Bba7dvAfw=",
      "requires": {
        "cou": "^1.4.0"
      }
    }
  }
}
